schema: '2.0'
stages:
  train:
    cmd: python src/train.py
    deps:
    - path: data/dataset.csv
      hash: md5
      md5: 21d441a28bce4417276097df955afc50
      size: 2928
    - path: src/train.py
      hash: md5
      md5: aeb62a454c2d3134a28c611208acded0
      size: 2104
    outs:
    - path: models/model.pkl
      hash: md5
      md5: 11e7e379e6e909019712aaf0683d62a5
      size: 178945
  evaluate:
    cmd: python src/evaluate.py
    deps:
    - path: models/model.pkl
      hash: md5
      md5: 11e7e379e6e909019712aaf0683d62a5
      size: 178945
    - path: src/evaluate.py
      hash: md5
      md5: 325974aac2da42a4ea5d2b60a70a9c63
      size: 1843
    outs:
    - path: metrics.json
      hash: md5
      md5: 9a0379eaa11dd7b9e9995a62a5f21656
      size: 17
